
Microsoft Visual Studio Solution File, Format Version 12.00
# Visual Studio Version 16
VisualStudioVersion = 16.0.30309.148
MinimumVisualStudioVersion = 10.0.40219.1
Project("{FAE04EC0-301F-11D3-BF4B-00C04F79EFBC}") = "RPM_DT", "RPM_DT\RPM_DT.csproj", "{10AF6C2F-08B0-4492-A1B5-749BCE0EB018}"
EndProject
Global
	GlobalSection(SolutionConfigurationPlatforms) = preSolution
		Debug|Any CPU = Debug|Any CPU
		Release|Any CPU = Release|Any CPU
	EndGlobalSection
	GlobalSection(ProjectConfigurationPlatforms) = postSolution
		{10AF6C2F-08B0-4492-A1B5-749BCE0EB018}.Debug|Any CPU.ActiveCfg = Debug|Any CPU
		{10AF6C2F-08B0-4492-A1B5-749BCE0EB018}.Debug|Any CPU.Build.0 = Debug|Any CPU
		{10AF6C2F-08B0-4492-A1B5-749BCE0EB018}.Release|Any CPU.ActiveCfg = Release|Any CPU
		{10AF6C2F-08B0-4492-A1B5-749BCE0EB018}.Release|Any CPU.Build.0 = Release|Any CPU
	EndGlobalSection
	GlobalSection(SolutionProperties) = preSolution
		HideSolutionNode = FALSE
	EndGlobalSection
	GlobalSection(ExtensibilityGlobals) = postSolution
		SolutionGuid = {5ABD9D15-8D5D-4D69-B441-D92A7BD3B0FB}
	EndGlobalSection
EndGlobal
